
Microsoft Visual Studio Solution File, Format Version 12.00
# Visual Studio Version 16
VisualStudioVersion = 16.0.29009.5
MinimumVisualStudioVersion = 10.0.40219.1
Project("{8BC9CEB8-8B4A-11D0-8D11-00A0C91BC942}") = "二叉搜索树的后序遍历", "二叉搜索树的后序遍历.vcxproj", "{466B0845-61CD-4DEB-BDE3-29BA95A970BF}"
EndProject
Global
	GlobalSection(SolutionConfigurationPlatforms) = preSolution
		Debug|x64 = Debug|x64
		Debug|x86 = Debug|x86
		Release|x64 = Release|x64
		Release|x86 = Release|x86
	EndGlobalSection
	GlobalSection(ProjectConfigurationPlatforms) = postSolution
		{466B0845-61CD-4DEB-BDE3-29BA95A970BF}.Debug|x64.ActiveCfg = Debug|x64
		{466B0845-61CD-4DEB-BDE3-29BA95A970BF}.Debug|x64.Build.0 = Debug|x64
		{466B0845-61CD-4DEB-BDE3-29BA95A970BF}.Debug|x86.ActiveCfg = Debug|Win32
		{466B0845-61CD-4DEB-BDE3-29BA95A970BF}.Debug|x86.Build.0 = Debug|Win32
		{466B0845-61CD-4DEB-BDE3-29BA95A970BF}.Release|x64.ActiveCfg = Release|x64
		{466B0845-61CD-4DEB-BDE3-29BA95A970BF}.Release|x64.Build.0 = Release|x64
		{466B0845-61CD-4DEB-BDE3-29BA95A970BF}.Release|x86.ActiveCfg = Release|Win32
		{466B0845-61CD-4DEB-BDE3-29BA95A970BF}.Release|x86.Build.0 = Release|Win32
	EndGlobalSection
	GlobalSection(SolutionProperties) = preSolution
		HideSolutionNode = FALSE
	EndGlobalSection
	GlobalSection(ExtensibilityGlobals) = postSolution
		SolutionGuid = {DC1599C3-53E1-4443-8E00-8E8150FDDA9F}
	EndGlobalSection
EndGlobal
