
Microsoft Visual Studio Solution File, Format Version 12.00
# Visual Studio Version 16
VisualStudioVersion = 16.0.29009.5
MinimumVisualStudioVersion = 10.0.40219.1
Project("{8BC9CEB8-8B4A-11D0-8D11-00A0C91BC942}") = "从尾到头打印链表", "从尾到头打印链表.vcxproj", "{3DE407CA-1A4E-48AC-AA4F-8BCB94ECDC69}"
EndProject
Global
	GlobalSection(SolutionConfigurationPlatforms) = preSolution
		Debug|x64 = Debug|x64
		Debug|x86 = Debug|x86
		Release|x64 = Release|x64
		Release|x86 = Release|x86
	EndGlobalSection
	GlobalSection(ProjectConfigurationPlatforms) = postSolution
		{3DE407CA-1A4E-48AC-AA4F-8BCB94ECDC69}.Debug|x64.ActiveCfg = Debug|x64
		{3DE407CA-1A4E-48AC-AA4F-8BCB94ECDC69}.Debug|x64.Build.0 = Debug|x64
		{3DE407CA-1A4E-48AC-AA4F-8BCB94ECDC69}.Debug|x86.ActiveCfg = Debug|Win32
		{3DE407CA-1A4E-48AC-AA4F-8BCB94ECDC69}.Debug|x86.Build.0 = Debug|Win32
		{3DE407CA-1A4E-48AC-AA4F-8BCB94ECDC69}.Release|x64.ActiveCfg = Release|x64
		{3DE407CA-1A4E-48AC-AA4F-8BCB94ECDC69}.Release|x64.Build.0 = Release|x64
		{3DE407CA-1A4E-48AC-AA4F-8BCB94ECDC69}.Release|x86.ActiveCfg = Release|Win32
		{3DE407CA-1A4E-48AC-AA4F-8BCB94ECDC69}.Release|x86.Build.0 = Release|Win32
	EndGlobalSection
	GlobalSection(SolutionProperties) = preSolution
		HideSolutionNode = FALSE
	EndGlobalSection
	GlobalSection(ExtensibilityGlobals) = postSolution
		SolutionGuid = {BA67B3A2-408B-46CE-A5B6-9F54BA317B72}
	EndGlobalSection
EndGlobal
