
Microsoft Visual Studio Solution File, Format Version 12.00
# Visual Studio Version 16
VisualStudioVersion = 16.0.29009.5
MinimumVisualStudioVersion = 10.0.40219.1
Project("{8BC9CEB8-8B4A-11D0-8D11-00A0C91BC942}") = "二叉树中和为某一值的路径", "二叉树中和为某一值的路径.vcxproj", "{8621B1BC-90DB-4377-A326-98D682A68941}"
EndProject
Global
	GlobalSection(SolutionConfigurationPlatforms) = preSolution
		Debug|x64 = Debug|x64
		Debug|x86 = Debug|x86
		Release|x64 = Release|x64
		Release|x86 = Release|x86
	EndGlobalSection
	GlobalSection(ProjectConfigurationPlatforms) = postSolution
		{8621B1BC-90DB-4377-A326-98D682A68941}.Debug|x64.ActiveCfg = Debug|x64
		{8621B1BC-90DB-4377-A326-98D682A68941}.Debug|x64.Build.0 = Debug|x64
		{8621B1BC-90DB-4377-A326-98D682A68941}.Debug|x86.ActiveCfg = Debug|Win32
		{8621B1BC-90DB-4377-A326-98D682A68941}.Debug|x86.Build.0 = Debug|Win32
		{8621B1BC-90DB-4377-A326-98D682A68941}.Release|x64.ActiveCfg = Release|x64
		{8621B1BC-90DB-4377-A326-98D682A68941}.Release|x64.Build.0 = Release|x64
		{8621B1BC-90DB-4377-A326-98D682A68941}.Release|x86.ActiveCfg = Release|Win32
		{8621B1BC-90DB-4377-A326-98D682A68941}.Release|x86.Build.0 = Release|Win32
	EndGlobalSection
	GlobalSection(SolutionProperties) = preSolution
		HideSolutionNode = FALSE
	EndGlobalSection
	GlobalSection(ExtensibilityGlobals) = postSolution
		SolutionGuid = {1BCE2745-6CA5-48AB-A341-4A98653D2570}
	EndGlobalSection
EndGlobal
