
Microsoft Visual Studio Solution File, Format Version 12.00
# Visual Studio Version 16
VisualStudioVersion = 16.0.29009.5
MinimumVisualStudioVersion = 10.0.40219.1
Project("{8BC9CEB8-8B4A-11D0-8D11-00A0C91BC942}") = "捡绳子", "捡绳子.vcxproj", "{6A1A30AF-8B12-4945-B4F1-155B3B58EBDD}"
EndProject
Global
	GlobalSection(SolutionConfigurationPlatforms) = preSolution
		Debug|x64 = Debug|x64
		Debug|x86 = Debug|x86
		Release|x64 = Release|x64
		Release|x86 = Release|x86
	EndGlobalSection
	GlobalSection(ProjectConfigurationPlatforms) = postSolution
		{6A1A30AF-8B12-4945-B4F1-155B3B58EBDD}.Debug|x64.ActiveCfg = Debug|x64
		{6A1A30AF-8B12-4945-B4F1-155B3B58EBDD}.Debug|x64.Build.0 = Debug|x64
		{6A1A30AF-8B12-4945-B4F1-155B3B58EBDD}.Debug|x86.ActiveCfg = Debug|Win32
		{6A1A30AF-8B12-4945-B4F1-155B3B58EBDD}.Debug|x86.Build.0 = Debug|Win32
		{6A1A30AF-8B12-4945-B4F1-155B3B58EBDD}.Release|x64.ActiveCfg = Release|x64
		{6A1A30AF-8B12-4945-B4F1-155B3B58EBDD}.Release|x64.Build.0 = Release|x64
		{6A1A30AF-8B12-4945-B4F1-155B3B58EBDD}.Release|x86.ActiveCfg = Release|Win32
		{6A1A30AF-8B12-4945-B4F1-155B3B58EBDD}.Release|x86.Build.0 = Release|Win32
	EndGlobalSection
	GlobalSection(SolutionProperties) = preSolution
		HideSolutionNode = FALSE
	EndGlobalSection
	GlobalSection(ExtensibilityGlobals) = postSolution
		SolutionGuid = {651D43FE-3139-4BEF-903A-52DC9CB2578C}
	EndGlobalSection
EndGlobal
