
Microsoft Visual Studio Solution File, Format Version 12.00
# Visual Studio Version 16
VisualStudioVersion = 16.0.28803.352
MinimumVisualStudioVersion = 10.0.40219.1
Project("{8BC9CEB8-8B4A-11D0-8D11-00A0C91BC942}") = "100449-组队竞赛", "100449-组队竞赛.vcxproj", "{7E1BE57E-776A-4CF8-A9F6-D17582273CF6}"
EndProject
Global
	GlobalSection(SolutionConfigurationPlatforms) = preSolution
		Debug|x64 = Debug|x64
		Debug|x86 = Debug|x86
		Release|x64 = Release|x64
		Release|x86 = Release|x86
	EndGlobalSection
	GlobalSection(ProjectConfigurationPlatforms) = postSolution
		{7E1BE57E-776A-4CF8-A9F6-D17582273CF6}.Debug|x64.ActiveCfg = Debug|x64
		{7E1BE57E-776A-4CF8-A9F6-D17582273CF6}.Debug|x64.Build.0 = Debug|x64
		{7E1BE57E-776A-4CF8-A9F6-D17582273CF6}.Debug|x86.ActiveCfg = Debug|Win32
		{7E1BE57E-776A-4CF8-A9F6-D17582273CF6}.Debug|x86.Build.0 = Debug|Win32
		{7E1BE57E-776A-4CF8-A9F6-D17582273CF6}.Release|x64.ActiveCfg = Release|x64
		{7E1BE57E-776A-4CF8-A9F6-D17582273CF6}.Release|x64.Build.0 = Release|x64
		{7E1BE57E-776A-4CF8-A9F6-D17582273CF6}.Release|x86.ActiveCfg = Release|Win32
		{7E1BE57E-776A-4CF8-A9F6-D17582273CF6}.Release|x86.Build.0 = Release|Win32
	EndGlobalSection
	GlobalSection(SolutionProperties) = preSolution
		HideSolutionNode = FALSE
	EndGlobalSection
	GlobalSection(ExtensibilityGlobals) = postSolution
		SolutionGuid = {6AD21542-1C00-4168-B02D-91374DFB95FA}
	EndGlobalSection
EndGlobal
