
Microsoft Visual Studio Solution File, Format Version 12.00
# Visual Studio Version 16
VisualStudioVersion = 16.0.29009.5
MinimumVisualStudioVersion = 10.0.40219.1
Project("{8BC9CEB8-8B4A-11D0-8D11-00A0C91BC942}") = "矩形覆盖", "矩形覆盖.vcxproj", "{831FEA9E-9697-4588-96B0-0211AB2627F0}"
EndProject
Global
	GlobalSection(SolutionConfigurationPlatforms) = preSolution
		Debug|x64 = Debug|x64
		Debug|x86 = Debug|x86
		Release|x64 = Release|x64
		Release|x86 = Release|x86
	EndGlobalSection
	GlobalSection(ProjectConfigurationPlatforms) = postSolution
		{831FEA9E-9697-4588-96B0-0211AB2627F0}.Debug|x64.ActiveCfg = Debug|x64
		{831FEA9E-9697-4588-96B0-0211AB2627F0}.Debug|x64.Build.0 = Debug|x64
		{831FEA9E-9697-4588-96B0-0211AB2627F0}.Debug|x86.ActiveCfg = Debug|Win32
		{831FEA9E-9697-4588-96B0-0211AB2627F0}.Debug|x86.Build.0 = Debug|Win32
		{831FEA9E-9697-4588-96B0-0211AB2627F0}.Release|x64.ActiveCfg = Release|x64
		{831FEA9E-9697-4588-96B0-0211AB2627F0}.Release|x64.Build.0 = Release|x64
		{831FEA9E-9697-4588-96B0-0211AB2627F0}.Release|x86.ActiveCfg = Release|Win32
		{831FEA9E-9697-4588-96B0-0211AB2627F0}.Release|x86.Build.0 = Release|Win32
	EndGlobalSection
	GlobalSection(SolutionProperties) = preSolution
		HideSolutionNode = FALSE
	EndGlobalSection
	GlobalSection(ExtensibilityGlobals) = postSolution
		SolutionGuid = {3B15C924-9EE8-4C71-9962-E1B566BBD3C2}
	EndGlobalSection
EndGlobal
