
Microsoft Visual Studio Solution File, Format Version 12.00
# Visual Studio Version 16
VisualStudioVersion = 16.0.29009.5
MinimumVisualStudioVersion = 10.0.40219.1
Project("{8BC9CEB8-8B4A-11D0-8D11-00A0C91BC942}") = "分解因数", "分解因数.vcxproj", "{AC374666-3FB8-493E-81A5-3EEE3D92D15D}"
EndProject
Global
	GlobalSection(SolutionConfigurationPlatforms) = preSolution
		Debug|x64 = Debug|x64
		Debug|x86 = Debug|x86
		Release|x64 = Release|x64
		Release|x86 = Release|x86
	EndGlobalSection
	GlobalSection(ProjectConfigurationPlatforms) = postSolution
		{AC374666-3FB8-493E-81A5-3EEE3D92D15D}.Debug|x64.ActiveCfg = Debug|x64
		{AC374666-3FB8-493E-81A5-3EEE3D92D15D}.Debug|x64.Build.0 = Debug|x64
		{AC374666-3FB8-493E-81A5-3EEE3D92D15D}.Debug|x86.ActiveCfg = Debug|Win32
		{AC374666-3FB8-493E-81A5-3EEE3D92D15D}.Debug|x86.Build.0 = Debug|Win32
		{AC374666-3FB8-493E-81A5-3EEE3D92D15D}.Release|x64.ActiveCfg = Release|x64
		{AC374666-3FB8-493E-81A5-3EEE3D92D15D}.Release|x64.Build.0 = Release|x64
		{AC374666-3FB8-493E-81A5-3EEE3D92D15D}.Release|x86.ActiveCfg = Release|Win32
		{AC374666-3FB8-493E-81A5-3EEE3D92D15D}.Release|x86.Build.0 = Release|Win32
	EndGlobalSection
	GlobalSection(SolutionProperties) = preSolution
		HideSolutionNode = FALSE
	EndGlobalSection
	GlobalSection(ExtensibilityGlobals) = postSolution
		SolutionGuid = {EE7C1A10-6CF3-479F-913C-CC2F01AE7A13}
	EndGlobalSection
EndGlobal
